
Microsoft Visual Studio Solution File, Format Version 12.00
# Visual Studio Version 16
VisualStudioVersion = 16.0.29318.209
MinimumVisualStudioVersion = 10.0.40219.1
Project("{9A19103F-16F7-4668-BE54-9A1E7A4F7556}") = "PDKSWebServer", "PDKSWebServer\PDKSWebServer.csproj", "{428BC90A-F6E4-44CB-876A-92FF5F8168A7}"
EndProject
Project("{9A19103F-16F7-4668-BE54-9A1E7A4F7556}") = "PdksBuisness", "PdksBuisness\PdksBuisness.csproj", "{DB6FE961-1A01-48E1-97F9-424FB56A09F7}"
EndProject
Project("{FAE04EC0-301F-11D3-BF4B-00C04F79EFBC}") = "PdksPersistence", "PdksPersistence\PdksPersistence.csproj", "{E8106E67-1C70-47AB-9225-4F8DD3379384}"
EndProject
Global
	GlobalSection(SolutionConfigurationPlatforms) = preSolution
		Debug|Any CPU = Debug|Any CPU
		Release|Any CPU = Release|Any CPU
	EndGlobalSection
	GlobalSection(ProjectConfigurationPlatforms) = postSolution
		{428BC90A-F6E4-44CB-876A-92FF5F8168A7}.Debug|Any CPU.ActiveCfg = Debug|Any CPU
		{428BC90A-F6E4-44CB-876A-92FF5F8168A7}.Debug|Any CPU.Build.0 = Debug|Any CPU
		{428BC90A-F6E4-44CB-876A-92FF5F8168A7}.Release|Any CPU.ActiveCfg = Release|Any CPU
		{428BC90A-F6E4-44CB-876A-92FF5F8168A7}.Release|Any CPU.Build.0 = Release|Any CPU
		{DB6FE961-1A01-48E1-97F9-424FB56A09F7}.Debug|Any CPU.ActiveCfg = Debug|Any CPU
		{DB6FE961-1A01-48E1-97F9-424FB56A09F7}.Debug|Any CPU.Build.0 = Debug|Any CPU
		{DB6FE961-1A01-48E1-97F9-424FB56A09F7}.Release|Any CPU.ActiveCfg = Release|Any CPU
		{DB6FE961-1A01-48E1-97F9-424FB56A09F7}.Release|Any CPU.Build.0 = Release|Any CPU
		{E8106E67-1C70-47AB-9225-4F8DD3379384}.Debug|Any CPU.ActiveCfg = Debug|Any CPU
		{E8106E67-1C70-47AB-9225-4F8DD3379384}.Debug|Any CPU.Build.0 = Debug|Any CPU
		{E8106E67-1C70-47AB-9225-4F8DD3379384}.Release|Any CPU.ActiveCfg = Release|Any CPU
		{E8106E67-1C70-47AB-9225-4F8DD3379384}.Release|Any CPU.Build.0 = Release|Any CPU
	EndGlobalSection
	GlobalSection(SolutionProperties) = preSolution
		HideSolutionNode = FALSE
	EndGlobalSection
	GlobalSection(ExtensibilityGlobals) = postSolution
		SolutionGuid = {FB191908-C63F-406F-9FC2-E956D784D014}
	EndGlobalSection
EndGlobal
